# Fingerprint of the bundled lineage UI (node/), regenerated by
# `just ui-fingerprint`. DO NOT EDIT BY HAND. This file lives in the
# headwaters crate so a UI change registers as a crate change and release-plz
# rebuilds the Docker image — see the recipe and release-plz.toml.
8cb22bcda9963d25d432f64cda6aed6a70ee77b3756e62d1ce89070b532cabd0
